// !$*UTF8*$!
{
	archiveVersion = 1;
	classes = {
	};
	objectVersion = 50;
	objects = {

/* Begin PBXBuildFile section */
		63985268230F5C4A0015A46B /* AppDelegate.m in Sources */ = {isa = PBXBuildFile; fileRef = 63985267230F5C4A0015A46B /* AppDelegate.m */; };
		6398526E230F5C4A0015A46B /* Main.storyboard in Resources */ = {isa = PBXBuildFile; fileRef = 6398526C230F5C4A0015A46B /* Main.storyboard */; };
		63985270230F5C4D0015A46B /* Assets.xcassets in Resources */ = {isa = PBXBuildFile; fileRef = 6398526F230F5C4D0015A46B /* Assets.xcassets */; };
		63985273230F5C4D0015A46B /* LaunchScreen.storyboard in Resources */ = {isa = PBXBuildFile; fileRef = 63985271230F5C4D0015A46B /* LaunchScreen.storyboard */; };
		63985276230F5C4D0015A46B /* main.m in Sources */ = {isa = PBXBuildFile; fileRef = 63985275230F5C4D0015A46B /* main.m */; };
		63985282230F5F440015A46B /* BTKCharacter.m in Sources */ = {isa = PBXBuildFile; fileRef = 63985281230F5F440015A46B /* BTKCharacter.m */; };
/* End PBXBuildFile section */

/* Begin PBXFileReference section */
		63985263230F5C4A0015A46B /* PotterAPI.app */ = {isa = PBXFileReference; explicitFileType = wrapper.application; includeInIndex = 0; path = PotterAPI.app; sourceTree = BUILT_PRODUCTS_DIR; };
		63985266230F5C4A0015A46B /* AppDelegate.h */ = {isa = PBXFileReference; lastKnownFileType = sourcecode.c.h; path = AppDelegate.h; sourceTree = "<group>"; };
		63985267230F5C4A0015A46B /* AppDelegate.m */ = {isa = PBXFileReference; lastKnownFileType = sourcecode.c.objc; path = AppDelegate.m; sourceTree = "<group>"; };
		6398526D230F5C4A0015A46B /* Base */ = {isa = PBXFileReference; lastKnownFileType = file.storyboard; name = Base; path = Base.lproj/Main.storyboard; sourceTree = "<group>"; };
		6398526F230F5C4D0015A46B /* Assets.xcassets */ = {isa = PBXFileReference; lastKnownFileType = folder.assetcatalog; path = Assets.xcassets; sourceTree = "<group>"; };
		63985272230F5C4D0015A46B /* Base */ = {isa = PBXFileReference; lastKnownFileType = file.storyboard; name = Base; path = Base.lproj/LaunchScreen.storyboard; sourceTree = "<group>"; };
		63985274230F5C4D0015A46B /* Info.plist */ = {isa = PBXFileReference; lastKnownFileType = text.plist.xml; path = Info.plist; sourceTree = "<group>"; };
		63985275230F5C4D0015A46B /* main.m */ = {isa = PBXFileReference; lastKnownFileType = sourcecode.c.objc; path = main.m; sourceTree = "<group>"; };
		63985280230F5F440015A46B /* BTKCharacter.h */ = {isa = PBXFileReference; lastKnownFileType = sourcecode.c.h; path = BTKCharacter.h; sourceTree = "<group>"; };
		63985281230F5F440015A46B /* BTKCharacter.m */ = {isa = PBXFileReference; lastKnownFileType = sourcecode.c.objc; path = BTKCharacter.m; sourceTree = "<group>"; };
/* End PBXFileReference section */

/* Begin PBXFrameworksBuildPhase section */
		63985260230F5C4A0015A46B /* Frameworks */ = {
			isa = PBXFrameworksBuildPhase;
			buildActionMask = 2147483647;
			files = (
			);
			runOnlyForDeploymentPostprocessing = 0;
		};
/* End PBXFrameworksBuildPhase section */

/* Begin PBXGroup section */
		6398525A230F5C4A0015A46B = {
			isa = PBXGroup;
			children = (
				63985265230F5C4A0015A46B /* PotterAPI */,
				63985264230F5C4A0015A46B /* Products */,
			);
			sourceTree = "<group>";
		};
		63985264230F5C4A0015A46B /* Products */ = {
			isa = PBXGroup;
			children = (
				63985263230F5C4A0015A46B /* PotterAPI.app */,
			);
			name = Products;
			sourceTree = "<group>";
		};
		63985265230F5C4A0015A46B /* PotterAPI */ = {
			isa = PBXGroup;
			children = (
				6398527F230F5F0E0015A46B /* Resources */,
				6398527E230F5F040015A46B /* ViewController */,
				6398527D230F5EFC0015A46B /* ModelController */,
				6398527C230F5EEF0015A46B /* Model */,
				6398526C230F5C4A0015A46B /* Main.storyboard */,
			);
			path = PotterAPI;
			sourceTree = "<group>";
		};
		6398527C230F5EEF0015A46B /* Model */ = {
			isa = PBXGroup;
			children = (
				63985280230F5F440015A46B /* BTKCharacter.h */,
				63985281230F5F440015A46B /* BTKCharacter.m */,
			);
			path = Model;
			sourceTree = "<group>";
		};
		6398527D230F5EFC0015A46B /* ModelController */ = {
			isa = PBXGroup;
			children = (
			);
			path = ModelController;
			sourceTree = "<group>";
		};
		6398527E230F5F040015A46B /* ViewController */ = {
			isa = PBXGroup;
			children = (
			);
			path = ViewController;
			sourceTree = "<group>";
		};
		6398527F230F5F0E0015A46B /* Resources */ = {
			isa = PBXGroup;
			children = (
				63985266230F5C4A0015A46B /* AppDelegate.h */,
				63985267230F5C4A0015A46B /* AppDelegate.m */,
				6398526F230F5C4D0015A46B /* Assets.xcassets */,
				63985271230F5C4D0015A46B /* LaunchScreen.storyboard */,
				63985274230F5C4D0015A46B /* Info.plist */,
				63985275230F5C4D0015A46B /* main.m */,
			);
			path = Resources;
			sourceTree = "<group>";
		};
/* End PBXGroup section */

/* Begin PBXNativeTarget section */
		63985262230F5C4A0015A46B /* PotterAPI */ = {
			isa = PBXNativeTarget;
			buildConfigurationList = 63985279230F5C4D0015A46B /* Build configuration list for PBXNativeTarget "PotterAPI" */;
			buildPhases = (
				6398525F230F5C4A0015A46B /* Sources */,
				63985260230F5C4A0015A46B /* Frameworks */,
				63985261230F5C4A0015A46B /* Resources */,
			);
			buildRules = (
			);
			dependencies = (
			);
			name = PotterAPI;
			productName = PotterAPI;
			productReference = 63985263230F5C4A0015A46B /* PotterAPI.app */;
			productType = "com.apple.product-type.application";
		};
/* End PBXNativeTarget section */

/* Begin PBXProject section */
		6398525B230F5C4A0015A46B /* Project object */ = {
			isa = PBXProject;
			attributes = {
				CLASSPREFIX = BTK;
				LastUpgradeCheck = 1030;
				ORGANIZATIONNAME = "Blake kvarfordt";
				TargetAttributes = {
					63985262230F5C4A0015A46B = {
						CreatedOnToolsVersion = 10.3;
					};
				};
			};
			buildConfigurationList = 6398525E230F5C4A0015A46B /* Build configuration list for PBXProject "PotterAPI" */;
			compatibilityVersion = "Xcode 9.3";
			developmentRegion = en;
			hasScannedForEncodings = 0;
			knownRegions = (
				en,
				Base,
			);
			mainGroup = 6398525A230F5C4A0015A46B;
			productRefGroup = 63985264230F5C4A0015A46B /* Products */;
			projectDirPath = "";
			projectRoot = "";
			targets = (
				63985262230F5C4A0015A46B /* PotterAPI */,
			);
		};
/* End PBXProject section */

/* Begin PBXResourcesBuildPhase section */
		63985261230F5C4A0015A46B /* Resources */ = {
			isa = PBXResourcesBuildPhase;
			buildActionMask = 2147483647;
			files = (
				63985273230F5C4D0015A46B /* LaunchScreen.storyboard in Resources */,
				63985270230F5C4D0015A46B /* Assets.xcassets in Resources */,
				6398526E230F5C4A0015A46B /* Main.storyboard in Resources */,
			);
			runOnlyForDeploymentPostprocessing = 0;
		};
/* End PBXResourcesBuildPhase section */

/* Begin PBXSourcesBuildPhase section */
		6398525F230F5C4A0015A46B /* Sources */ = {
			isa = PBXSourcesBuildPhase;
			buildActionMask = 2147483647;
			files = (
				63985276230F5C4D0015A46B /* main.m in Sources */,
				63985268230F5C4A0015A46B /* AppDelegate.m in Sources */,
				63985282230F5F440015A46B /* BTKCharacter.m in Sources */,
			);
			runOnlyForDeploymentPostprocessing = 0;
		};
/* End PBXSourcesBuildPhase section */

/* Begin PBXVariantGroup section */
		6398526C230F5C4A0015A46B /* Main.storyboard */ = {
			isa = PBXVariantGroup;
			children = (
				6398526D230F5C4A0015A46B /* Base */,
			);
			name = Main.storyboard;
			sourceTree = "<group>";
		};
		63985271230F5C4D0015A46B /* LaunchScreen.storyboard */ = {
			isa = PBXVariantGroup;
			children = (
				63985272230F5C4D0015A46B /* Base */,
			);
			name = LaunchScreen.storyboard;
			sourceTree = "<group>";
		};
/* End PBXVariantGroup section */

/* Begin XCBuildConfiguration section */
		63985277230F5C4D0015A46B /* Debug */ = {
			isa = XCBuildConfiguration;
			buildSettings = {
				ALWAYS_SEARCH_USER_PATHS = NO;
				CLANG_ANALYZER_NONNULL = YES;
				CLANG_ANALYZER_NUMBER_OBJECT_CONVERSION = YES_AGGRESSIVE;
				CLANG_CXX_LANGUAGE_STANDARD = "gnu++14";
				CLANG_CXX_LIBRARY = "libc++";
				CLANG_ENABLE_MODULES = YES;
				CLANG_ENABLE_OBJC_ARC = YES;
				CLANG_ENABLE_OBJC_WEAK = YES;
				CLANG_WARN_BLOCK_CAPTURE_AUTORELEASING = YES;
				CLANG_WARN_BOOL_CONVERSION = YES;
				CLANG_WARN_COMMA = YES;
				CLANG_WARN_CONSTANT_CONVERSION = YES;
				CLANG_WARN_DEPRECATED_OBJC_IMPLEMENTATIONS = YES;
				CLANG_WARN_DIRECT_OBJC_ISA_USAGE = YES_ERROR;
				CLANG_WARN_DOCUMENTATION_COMMENTS = YES;
				CLANG_WARN_EMPTY_BODY = YES;
				CLANG_WARN_ENUM_CONVERSION = YES;
				CLANG_WARN_INFINITE_RECURSION = YES;
				CLANG_WARN_INT_CONVERSION = YES;
				CLANG_WARN_NON_LITERAL_NULL_CONVERSION = YES;
				CLANG_WARN_OBJC_IMPLICIT_RETAIN_SELF = YES;
				CLANG_WARN_OBJC_LITERAL_CONVERSION = YES;
				CLANG_WARN_OBJC_ROOT_CLASS = YES_ERROR;
				CLANG_WARN_RANGE_LOOP_ANALYSIS = YES;
				CLANG_WARN_STRICT_PROTOTYPES = YES;
				CLANG_WARN_SUSPICIOUS_MOVE = YES;
				CLANG_WARN_UNGUARDED_AVAILABILITY = YES_AGGRESSIVE;
				CLANG_WARN_UNREACHABLE_CODE = YES;
				CLANG_WARN__DUPLICATE_METHOD_MATCH = YES;
				CODE_SIGN_IDENTITY = "iPhone Developer";
				COPY_PHASE_STRIP = NO;
				DEBUG_INFORMATION_FORMAT = dwarf;
				ENABLE_STRICT_OBJC_MSGSEND = YES;
				ENABLE_TESTABILITY = YES;
				GCC_C_LANGUAGE_STANDARD = gnu11;
				GCC_DYNAMIC_NO_PIC = NO;
				GCC_NO_COMMON_BLOCKS = YES;
				GCC_OPTIMIZATION_LEVEL = 0;
				GCC_PREPROCESSOR_DEFINITIONS = (
					"DEBUG=1",
					"$(inherited)",
				);
				GCC_WARN_64_TO_32_BIT_CONVERSION = YES;
				GCC_WARN_ABOUT_RETURN_TYPE = YES_ERROR;
				GCC_WARN_UNDECLARED_SELECTOR = YES;
				GCC_WARN_UNINITIALIZED_AUTOS = YES_AGGRESSIVE;
				GCC_WARN_UNUSED_FUNCTION = YES;
				GCC_WARN_UNUSED_VARIABLE = YES;
				IPHONEOS_DEPLOYMENT_TARGET = 12.4;
				MTL_ENABLE_DEBUG_INFO = INCLUDE_SOURCE;
				MTL_FAST_MATH = YES;
				ONLY_ACTIVE_ARCH = YES;
				SDKROOT = iphoneos;
			};
			name = Debug;
		};
		63985278230F5C4D0015A46B /* Release */ = {
			isa = XCBuildConfiguration;
			buildSettings = {
				ALWAYS_SEARCH_USER_PATHS = NO;
				CLANG_ANALYZER_NONNULL = YES;
				CLANG_ANALYZER_NUMBER_OBJECT_CONVERSION = YES_AGGRESSIVE;
				CLANG_CXX_LANGUAGE_STANDARD = "gnu++14";
				CLANG_CXX_LIBRARY = "libc++";
				CLANG_ENABLE_MODULES = YES;
				CLANG_ENABLE_OBJC_ARC = YES;
				CLANG_ENABLE_OBJC_WEAK = YES;
				CLANG_WARN_BLOCK_CAPTURE_AUTORELEASING = YES;
				CLANG_WARN_BOOL_CONVERSION = YES;
				CLANG_WARN_COMMA = YES;
				CLANG_WARN_CONSTANT_CONVERSION = YES;
				CLANG_WARN_DEPRECATED_OBJC_IMPLEMENTATIONS = YES;
				CLANG_WARN_DIRECT_OBJC_ISA_USAGE = YES_ERROR;
				CLANG_WARN_DOCUMENTATION_COMMENTS = YES;
				CLANG_WARN_EMPTY_BODY = YES;
				CLANG_WARN_ENUM_CONVERSION = YES;
				CLANG_WARN_INFINITE_RECURSION = YES;
				CLANG_WARN_INT_CONVERSION = YES;
				CLANG_WARN_NON_LITERAL_NULL_CONVERSION = YES;
				CLANG_WARN_OBJC_IMPLICIT_RETAIN_SELF = YES;
				CLANG_WARN_OBJC_LITERAL_CONVERSION = YES;
				CLANG_WARN_OBJC_ROOT_CLASS = YES_ERROR;
				CLANG_WARN_RANGE_LOOP_ANALYSIS = YES;
				CLANG_WARN_STRICT_PROTOTYPES = YES;
				CLANG_WARN_SUSPICIOUS_MOVE = YES;
				CLANG_WARN_UNGUARDED_AVAILABILITY = YES_AGGRESSIVE;
				CLANG_WARN_UNREACHABLE_CODE = YES;
				CLANG_WARN__DUPLICATE_METHOD_MATCH = YES;
				CODE_SIGN_IDENTITY = "iPhone Developer";
				COPY_PHASE_STRIP = NO;
				DEBUG_INFORMATION_FORMAT = "dwarf-with-dsym";
				ENABLE_NS_ASSERTIONS = NO;
				ENABLE_STRICT_OBJC_MSGSEND = YES;
				GCC_C_LANGUAGE_STANDARD = gnu11;
				GCC_NO_COMMON_BLOCKS = YES;
				GCC_WARN_64_TO_32_BIT_CONVERSION = YES;
				GCC_WARN_ABOUT_RETURN_TYPE = YES_ERROR;
				GCC_WARN_UNDECLARED_SELECTOR = YES;
				GCC_WARN_UNINITIALIZED_AUTOS = YES_AGGRESSIVE;
				GCC_WARN_UNUSED_FUNCTION = YES;
				GCC_WARN_UNUSED_VARIABLE = YES;
				IPHONEOS_DEPLOYMENT_TARGET = 12.4;
				MTL_ENABLE_DEBUG_INFO = NO;
				MTL_FAST_MATH = YES;
				SDKROOT = iphoneos;
				VALIDATE_PRODUCT = YES;
			};
			name = Release;
		};
		6398527A230F5C4D0015A46B /* Debug */ = {
			isa = XCBuildConfiguration;
			buildSettings = {
				ASSETCATALOG_COMPILER_APPICON_NAME = AppIcon;
				CODE_SIGN_STYLE = Automatic;
				DEVELOPMENT_TEAM = 83YG3ZQCH4;
				INFOPLIST_FILE = "$(SRCROOT)/PotterAPI/Resources/Info.plist";
				LD_RUNPATH_SEARCH_PATHS = (
					"$(inherited)",
					"@executable_path/Frameworks",
				);
				PRODUCT_BUNDLE_IDENTIFIER = com.blakekvarfordt.PotterAPI;
				PRODUCT_NAME = "$(TARGET_NAME)";
				TARGETED_DEVICE_FAMILY = "1,2";
			};
			name = Debug;
		};
		6398527B230F5C4D0015A46B /* Release */ = {
			isa = XCBuildConfiguration;
			buildSettings = {
				ASSETCATALOG_COMPILER_APPICON_NAME = AppIcon;
				CODE_SIGN_STYLE = Automatic;
				DEVELOPMENT_TEAM = 83YG3ZQCH4;
				INFOPLIST_FILE = "$(SRCROOT)/PotterAPI/Resources/Info.plist";
				LD_RUNPATH_SEARCH_PATHS = (
					"$(inherited)",
					"@executable_path/Frameworks",
				);
				PRODUCT_BUNDLE_IDENTIFIER = com.blakekvarfordt.PotterAPI;
				PRODUCT_NAME = "$(TARGET_NAME)";
				TARGETED_DEVICE_FAMILY = "1,2";
			};
			name = Release;
		};
/* End XCBuildConfiguration section */

/* Begin XCConfigurationList section */
		6398525E230F5C4A0015A46B /* Build configuration list for PBXProject "PotterAPI" */ = {
			isa = XCConfigurationList;
			buildConfigurations = (
				63985277230F5C4D0015A46B /* Debug */,
				63985278230F5C4D0015A46B /* Release */,
			);
			defaultConfigurationIsVisible = 0;
			defaultConfigurationName = Release;
		};
		63985279230F5C4D0015A46B /* Build configuration list for PBXNativeTarget "PotterAPI" */ = {
			isa = XCConfigurationList;
			buildConfigurations = (
				6398527A230F5C4D0015A46B /* Debug */,
				6398527B230F5C4D0015A46B /* Release */,
			);
			defaultConfigurationIsVisible = 0;
			defaultConfigurationName = Release;
		};
/* End XCConfigurationList section */
	};
	rootObject = 6398525B230F5C4A0015A46B /* Project object */;
}
